// !$*UTF8*$!
{
	archiveVersion = 1;
	classes = {
	};
	objectVersion = 46;
	objects = {

/* Begin PBXBuildFile section */
		4221D01D1972C67700E0B8B7 /* AppDelegate.swift in Sources */ = {isa = PBXBuildFile; fileRef = 4221D01C1972C67700E0B8B7 /* AppDelegate.swift */; };
		4221D01F1972C67700E0B8B7 /* ViewController.swift in Sources */ = {isa = PBXBuildFile; fileRef = 4221D01E1972C67700E0B8B7 /* ViewController.swift */; };
		4221D0221972C67700E0B8B7 /* Main.storyboard in Resources */ = {isa = PBXBuildFile; fileRef = 4221D0201972C67700E0B8B7 /* Main.storyboard */; };
		4221D0241972C67700E0B8B7 /* Images.xcassets in Resources */ = {isa = PBXBuildFile; fileRef = 4221D0231972C67700E0B8B7 /* Images.xcassets */; };
		4221D0301972C67700E0B8B7 /* SizeClassesDemoTests.swift in Sources */ = {isa = PBXBuildFile; fileRef = 4221D02F1972C67700E0B8B7 /* SizeClassesDemoTests.swift */; };
/* End PBXBuildFile section */

/* Begin PBXContainerItemProxy section */
		4221D02A1972C67700E0B8B7 /* PBXContainerItemProxy */ = {
			isa = PBXContainerItemProxy;
			containerPortal = 4221D00F1972C67700E0B8B7 /* Project object */;
			proxyType = 1;
			remoteGlobalIDString = 4221D0161972C67700E0B8B7;
			remoteInfo = SizeClassesDemo;
		};
/* End PBXContainerItemProxy section */

/* Begin PBXFileReference section */
		4221D0171972C67700E0B8B7 /* SizeClassesDemo.app */ = {isa = PBXFileReference; explicitFileType = wrapper.application; includeInIndex = 0; path = SizeClassesDemo.app; sourceTree = BUILT_PRODUCTS_DIR; };
		4221D01B1972C67700E0B8B7 /* Info.plist */ = {isa = PBXFileReference; lastKnownFileType = text.plist.xml; path = Info.plist; sourceTree = "<group>"; };
		4221D01C1972C67700E0B8B7 /* AppDelegate.swift */ = {isa = PBXFileReference; lastKnownFileType = sourcecode.swift; path = AppDelegate.swift; sourceTree = "<group>"; };
		4221D01E1972C67700E0B8B7 /* ViewController.swift */ = {isa = PBXFileReference; lastKnownFileType = sourcecode.swift; path = ViewController.swift; sourceTree = "<group>"; };
		4221D0211972C67700E0B8B7 /* Base */ = {isa = PBXFileReference; lastKnownFileType = file.storyboard; name = Base; path = Base.lproj/Main.storyboard; sourceTree = "<group>"; };
		4221D0231972C67700E0B8B7 /* Images.xcassets */ = {isa = PBXFileReference; lastKnownFileType = folder.assetcatalog; path = Images.xcassets; sourceTree = "<group>"; };
		4221D0291972C67700E0B8B7 /* SizeClassesDemoTests.xctest */ = {isa = PBXFileReference; explicitFileType = wrapper.cfbundle; includeInIndex = 0; path = SizeClassesDemoTests.xctest; sourceTree = BUILT_PRODUCTS_DIR; };
		4221D02E1972C67700E0B8B7 /* Info.plist */ = {isa = PBXFileReference; lastKnownFileType = text.plist.xml; path = Info.plist; sourceTree = "<group>"; };
		4221D02F1972C67700E0B8B7 /* SizeClassesDemoTests.swift */ = {isa = PBXFileReference; lastKnownFileType = sourcecode.swift; path = SizeClassesDemoTests.swift; sourceTree = "<group>"; };
/* End PBXFileReference section */

/* Begin PBXFrameworksBuildPhase section */
		4221D0141972C67700E0B8B7 /* Frameworks */ = {
			isa = PBXFrameworksBuildPhase;
			buildActionMask = 2147483647;
			files = (
			);
			runOnlyForDeploymentPostprocessing = 0;
		};
		4221D0261972C67700E0B8B7 /* Frameworks */ = {
			isa = PBXFrameworksBuildPhase;
			buildActionMask = 2147483647;
			files = (
			);
			runOnlyForDeploymentPostprocessing = 0;
		};
/* End PBXFrameworksBuildPhase section */

/* Begin PBXGroup section */
		4221D00E1972C67700E0B8B7 = {
			isa = PBXGroup;
			children = (
				4221D0191972C67700E0B8B7 /* SizeClassesDemo */,
				4221D02C1972C67700E0B8B7 /* SizeClassesDemoTests */,
				4221D0181972C67700E0B8B7 /* Products */,
			);
			sourceTree = "<group>";
		};
		4221D0181972C67700E0B8B7 /* Products */ = {
			isa = PBXGroup;
			children = (
				4221D0171972C67700E0B8B7 /* SizeClassesDemo.app */,
				4221D0291972C67700E0B8B7 /* SizeClassesDemoTests.xctest */,
			);
			name = Products;
			sourceTree = "<group>";
		};
		4221D0191972C67700E0B8B7 /* SizeClassesDemo */ = {
			isa = PBXGroup;
			children = (
				4221D01C1972C67700E0B8B7 /* AppDelegate.swift */,
				4221D01E1972C67700E0B8B7 /* ViewController.swift */,
				4221D0201972C67700E0B8B7 /* Main.storyboard */,
				4221D0231972C67700E0B8B7 /* Images.xcassets */,
				4221D01A1972C67700E0B8B7 /* Supporting Files */,
			);
			path = SizeClassesDemo;
			sourceTree = "<group>";
		};
		4221D01A1972C67700E0B8B7 /* Supporting Files */ = {
			isa = PBXGroup;
			children = (
				4221D01B1972C67700E0B8B7 /* Info.plist */,
			);
			name = "Supporting Files";
			sourceTree = "<group>";
		};
		4221D02C1972C67700E0B8B7 /* SizeClassesDemoTests */ = {
			isa = PBXGroup;
			children = (
				4221D02F1972C67700E0B8B7 /* SizeClassesDemoTests.swift */,
				4221D02D1972C67700E0B8B7 /* Supporting Files */,
			);
			path = SizeClassesDemoTests;
			sourceTree = "<group>";
		};
		4221D02D1972C67700E0B8B7 /* Supporting Files */ = {
			isa = PBXGroup;
			children = (
				4221D02E1972C67700E0B8B7 /* Info.plist */,
			);
			name = "Supporting Files";
			sourceTree = "<group>";
		};
/* End PBXGroup section */

/* Begin PBXNativeTarget section */
		4221D0161972C67700E0B8B7 /* SizeClassesDemo */ = {
			isa = PBXNativeTarget;
			buildConfigurationList = 4221D0331972C67700E0B8B7 /* Build configuration list for PBXNativeTarget "SizeClassesDemo" */;
			buildPhases = (
				4221D0131972C67700E0B8B7 /* Sources */,
				4221D0141972C67700E0B8B7 /* Frameworks */,
				4221D0151972C67700E0B8B7 /* Resources */,
			);
			buildRules = (
			);
			dependencies = (
			);
			name = SizeClassesDemo;
			productName = SizeClassesDemo;
			productReference = 4221D0171972C67700E0B8B7 /* SizeClassesDemo.app */;
			productType = "com.apple.product-type.application";
		};
		4221D0281972C67700E0B8B7 /* SizeClassesDemoTests */ = {
			isa = PBXNativeTarget;
			buildConfigurationList = 4221D0361972C67700E0B8B7 /* Build configuration list for PBXNativeTarget "SizeClassesDemoTests" */;
			buildPhases = (
				4221D0251972C67700E0B8B7 /* Sources */,
				4221D0261972C67700E0B8B7 /* Frameworks */,
				4221D0271972C67700E0B8B7 /* Resources */,
			);
			buildRules = (
			);
			dependencies = (
				4221D02B1972C67700E0B8B7 /* PBXTargetDependency */,
			);
			name = SizeClassesDemoTests;
			productName = SizeClassesDemoTests;
			productReference = 4221D0291972C67700E0B8B7 /* SizeClassesDemoTests.xctest */;
			productType = "com.apple.product-type.bundle.unit-test";
		};
/* End PBXNativeTarget section */

/* Begin PBXProject section */
		4221D00F1972C67700E0B8B7 /* Project object */ = {
			isa = PBXProject;
			attributes = {
				LastUpgradeCheck = 0600;
				ORGANIZATIONNAME = Alaysh;
				TargetAttributes = {
					4221D0161972C67700E0B8B7 = {
						CreatedOnToolsVersion = 6.0;
					};
					4221D0281972C67700E0B8B7 = {
						CreatedOnToolsVersion = 6.0;
						TestTargetID = 4221D0161972C67700E0B8B7;
					};
				};
			};
			buildConfigurationList = 4221D0121972C67700E0B8B7 /* Build configuration list for PBXProject "SizeClassesDemo" */;
			compatibilityVersion = "Xcode 3.2";
			developmentRegion = English;
			hasScannedForEncodings = 0;
			knownRegions = (
				en,
				Base,
			);
			mainGroup = 4221D00E1972C67700E0B8B7;
			productRefGroup = 4221D0181972C67700E0B8B7 /* Products */;
			projectDirPath = "";
			projectRoot = "";
			targets = (
				4221D0161972C67700E0B8B7 /* SizeClassesDemo */,
				4221D0281972C67700E0B8B7 /* SizeClassesDemoTests */,
			);
		};
/* End PBXProject section */

/* Begin PBXResourcesBuildPhase section */
		4221D0151972C67700E0B8B7 /* Resources */ = {
			isa = PBXResourcesBuildPhase;
			buildActionMask = 2147483647;
			files = (
				4221D0221972C67700E0B8B7 /* Main.storyboard in Resources */,
				4221D0241972C67700E0B8B7 /* Images.xcassets in Resources */,
			);
			runOnlyForDeploymentPostprocessing = 0;
		};
		4221D0271972C67700E0B8B7 /* Resources */ = {
			isa = PBXResourcesBuildPhase;
			buildActionMask = 2147483647;
			files = (
			);
			runOnlyForDeploymentPostprocessing = 0;
		};
/* End PBXResourcesBuildPhase section */

/* Begin PBXSourcesBuildPhase section */
		4221D0131972C67700E0B8B7 /* Sources */ = {
			isa = PBXSourcesBuildPhase;
			buildActionMask = 2147483647;
			files = (
				4221D01F1972C67700E0B8B7 /* ViewController.swift in Sources */,
				4221D01D1972C67700E0B8B7 /* AppDelegate.swift in Sources */,
			);
			runOnlyForDeploymentPostprocessing = 0;
		};
		4221D0251972C67700E0B8B7 /* Sources */ = {
			isa = PBXSourcesBuildPhase;
			buildActionMask = 2147483647;
			files = (
				4221D0301972C67700E0B8B7 /* SizeClassesDemoTests.swift in Sources */,
			);
			runOnlyForDeploymentPostprocessing = 0;
		};
/* End PBXSourcesBuildPhase section */

/* Begin PBXTargetDependency section */
		4221D02B1972C67700E0B8B7 /* PBXTargetDependency */ = {
			isa = PBXTargetDependency;
			target = 4221D0161972C67700E0B8B7 /* SizeClassesDemo */;
			targetProxy = 4221D02A1972C67700E0B8B7 /* PBXContainerItemProxy */;
		};
/* End PBXTargetDependency section */

/* Begin PBXVariantGroup section */
		4221D0201972C67700E0B8B7 /* Main.storyboard */ = {
			isa = PBXVariantGroup;
			children = (
				4221D0211972C67700E0B8B7 /* Base */,
			);
			name = Main.storyboard;
			sourceTree = "<group>";
		};
/* End PBXVariantGroup section */

/* Begin XCBuildConfiguration section */
		4221D0311972C67700E0B8B7 /* Debug */ = {
			isa = XCBuildConfiguration;
			buildSettings = {
				ALWAYS_SEARCH_USER_PATHS = NO;
				CLANG_CXX_LANGUAGE_STANDARD = "gnu++0x";
				CLANG_CXX_LIBRARY = "libc++";
				CLANG_ENABLE_MODULES = YES;
				CLANG_ENABLE_OBJC_ARC = YES;
				CLANG_WARN_BOOL_CONVERSION = YES;
				CLANG_WARN_CONSTANT_CONVERSION = YES;
				CLANG_WARN_DIRECT_OBJC_ISA_USAGE = YES_ERROR;
				CLANG_WARN_EMPTY_BODY = YES;
				CLANG_WARN_ENUM_CONVERSION = YES;
				CLANG_WARN_INT_CONVERSION = YES;
				CLANG_WARN_OBJC_ROOT_CLASS = YES_ERROR;
				CLANG_WARN_UNREACHABLE_CODE = YES;
				CLANG_WARN__DUPLICATE_METHOD_MATCH = YES;
				"CODE_SIGN_IDENTITY[sdk=iphoneos*]" = "iPhone Developer";
				COPY_PHASE_STRIP = NO;
				ENABLE_STRICT_OBJC_MSGSEND = YES;
				GCC_C_LANGUAGE_STANDARD = gnu99;
				GCC_DYNAMIC_NO_PIC = NO;
				GCC_OPTIMIZATION_LEVEL = 0;
				GCC_PREPROCESSOR_DEFINITIONS = (
					"DEBUG=1",
					"$(inherited)",
				);
				GCC_SYMBOLS_PRIVATE_EXTERN = NO;
				GCC_WARN_64_TO_32_BIT_CONVERSION = YES;
				GCC_WARN_ABOUT_RETURN_TYPE = YES_ERROR;
				GCC_WARN_UNDECLARED_SELECTOR = YES;
				GCC_WARN_UNINITIALIZED_AUTOS = YES_AGGRESSIVE;
				GCC_WARN_UNUSED_FUNCTION = YES;
				GCC_WARN_UNUSED_VARIABLE = YES;
				IPHONEOS_DEPLOYMENT_TARGET = 8.0;
				MTL_ENABLE_DEBUG_INFO = YES;
				ONLY_ACTIVE_ARCH = YES;
				SDKROOT = iphoneos;
				SWIFT_OPTIMIZATION_LEVEL = "-Onone";
			};
			name = Debug;
		};
		4221D0321972C67700E0B8B7 /* Release */ = {
			isa = XCBuildConfiguration;
			buildSettings = {
				ALWAYS_SEARCH_USER_PATHS = NO;
				CLANG_CXX_LANGUAGE_STANDARD = "gnu++0x";
				CLANG_CXX_LIBRARY = "libc++";
				CLANG_ENABLE_MODULES = YES;
				CLANG_ENABLE_OBJC_ARC = YES;
				CLANG_WARN_BOOL_CONVERSION = YES;
				CLANG_WARN_CONSTANT_CONVERSION = YES;
				CLANG_WARN_DIRECT_OBJC_ISA_USAGE = YES_ERROR;
				CLANG_WARN_EMPTY_BODY = YES;
				CLANG_WARN_ENUM_CONVERSION = YES;
				CLANG_WARN_INT_CONVERSION = YES;
				CLANG_WARN_OBJC_ROOT_CLASS = YES_ERROR;
				CLANG_WARN_UNREACHABLE_CODE = YES;
				CLANG_WARN__DUPLICATE_METHOD_MATCH = YES;
				"CODE_SIGN_IDENTITY[sdk=iphoneos*]" = "iPhone Developer";
				COPY_PHASE_STRIP = YES;
				ENABLE_NS_ASSERTIONS = NO;
				ENABLE_STRICT_OBJC_MSGSEND = YES;
				GCC_C_LANGUAGE_STANDARD = gnu99;
				GCC_WARN_64_TO_32_BIT_CONVERSION = YES;
				GCC_WARN_ABOUT_RETURN_TYPE = YES_ERROR;
				GCC_WARN_UNDECLARED_SELECTOR = YES;
				GCC_WARN_UNINITIALIZED_AUTOS = YES_AGGRESSIVE;
				GCC_WARN_UNUSED_FUNCTION = YES;
				GCC_WARN_UNUSED_VARIABLE = YES;
				IPHONEOS_DEPLOYMENT_TARGET = 8.0;
				MTL_ENABLE_DEBUG_INFO = NO;
				SDKROOT = iphoneos;
				VALIDATE_PRODUCT = YES;
			};
			name = Release;
		};
		4221D0341972C67700E0B8B7 /* Debug */ = {
			isa = XCBuildConfiguration;
			buildSettings = {
				ASSETCATALOG_COMPILER_APPICON_NAME = AppIcon;
				ASSETCATALOG_COMPILER_LAUNCHIMAGE_NAME = LaunchImage;
				INFOPLIST_FILE = SizeClassesDemo/Info.plist;
				LD_RUNPATH_SEARCH_PATHS = "$(inherited) @executable_path/Frameworks";
				PRODUCT_NAME = "$(TARGET_NAME)";
			};
			name = Debug;
		};
		4221D0351972C67700E0B8B7 /* Release */ = {
			isa = XCBuildConfiguration;
			buildSettings = {
				ASSETCATALOG_COMPILER_APPICON_NAME = AppIcon;
				ASSETCATALOG_COMPILER_LAUNCHIMAGE_NAME = LaunchImage;
				INFOPLIST_FILE = SizeClassesDemo/Info.plist;
				LD_RUNPATH_SEARCH_PATHS = "$(inherited) @executable_path/Frameworks";
				PRODUCT_NAME = "$(TARGET_NAME)";
			};
			name = Release;
		};
		4221D0371972C67700E0B8B7 /* Debug */ = {
			isa = XCBuildConfiguration;
			buildSettings = {
				BUNDLE_LOADER = "$(BUILT_PRODUCTS_DIR)/SizeClassesDemo.app/SizeClassesDemo";
				FRAMEWORK_SEARCH_PATHS = (
					"$(SDKROOT)/Developer/Library/Frameworks",
					"$(inherited)",
				);
				GCC_PREPROCESSOR_DEFINITIONS = (
					"DEBUG=1",
					"$(inherited)",
				);
				INFOPLIST_FILE = SizeClassesDemoTests/Info.plist;
				LD_RUNPATH_SEARCH_PATHS = "$(inherited) @executable_path/Frameworks @loader_path/Frameworks";
				PRODUCT_NAME = "$(TARGET_NAME)";
				TEST_HOST = "$(BUNDLE_LOADER)";
			};
			name = Debug;
		};
		4221D0381972C67700E0B8B7 /* Release */ = {
			isa = XCBuildConfiguration;
			buildSettings = {
				BUNDLE_LOADER = "$(BUILT_PRODUCTS_DIR)/SizeClassesDemo.app/SizeClassesDemo";
				FRAMEWORK_SEARCH_PATHS = (
					"$(SDKROOT)/Developer/Library/Frameworks",
					"$(inherited)",
				);
				INFOPLIST_FILE = SizeClassesDemoTests/Info.plist;
				LD_RUNPATH_SEARCH_PATHS = "$(inherited) @executable_path/Frameworks @loader_path/Frameworks";
				PRODUCT_NAME = "$(TARGET_NAME)";
				TEST_HOST = "$(BUNDLE_LOADER)";
			};
			name = Release;
		};
/* End XCBuildConfiguration section */

/* Begin XCConfigurationList section */
		4221D0121972C67700E0B8B7 /* Build configuration list for PBXProject "SizeClassesDemo" */ = {
			isa = XCConfigurationList;
			buildConfigurations = (
				4221D0311972C67700E0B8B7 /* Debug */,
				4221D0321972C67700E0B8B7 /* Release */,
			);
			defaultConfigurationIsVisible = 0;
			defaultConfigurationName = Release;
		};
		4221D0331972C67700E0B8B7 /* Build configuration list for PBXNativeTarget "SizeClassesDemo" */ = {
			isa = XCConfigurationList;
			buildConfigurations = (
				4221D0341972C67700E0B8B7 /* Debug */,
				4221D0351972C67700E0B8B7 /* Release */,
			);
			defaultConfigurationIsVisible = 0;
		};
		4221D0361972C67700E0B8B7 /* Build configuration list for PBXNativeTarget "SizeClassesDemoTests" */ = {
			isa = XCConfigurationList;
			buildConfigurations = (
				4221D0371972C67700E0B8B7 /* Debug */,
				4221D0381972C67700E0B8B7 /* Release */,
			);
			defaultConfigurationIsVisible = 0;
		};
/* End XCConfigurationList section */
	};
	rootObject = 4221D00F1972C67700E0B8B7 /* Project object */;
}
